
Microsoft Visual Studio Solution File, Format Version 12.00
# Visual Studio Version 16
VisualStudioVersion = 16.0.33529.622
MinimumVisualStudioVersion = 10.0.40219.1
Project("{FAE04EC0-301F-11D3-BF4B-00C04F79EFBC}") = "Filter", "Filter\Filter.csproj", "{7EDCB8D0-3FC6-4948-9577-657EE75500FC}"
EndProject
Global
	GlobalSection(SolutionConfigurationPlatforms) = preSolution
		Debug|Any CPU = Debug|Any CPU
		Debug|x64 = Debug|x64
		Release|Any CPU = Release|Any CPU
		Release|x64 = Release|x64
	EndGlobalSection
	GlobalSection(ProjectConfigurationPlatforms) = postSolution
		{7EDCB8D0-3FC6-4948-9577-657EE75500FC}.Debug|Any CPU.ActiveCfg = Debug|Any CPU
		{7EDCB8D0-3FC6-4948-9577-657EE75500FC}.Debug|Any CPU.Build.0 = Debug|Any CPU
		{7EDCB8D0-3FC6-4948-9577-657EE75500FC}.Debug|x64.ActiveCfg = Debug|x64
		{7EDCB8D0-3FC6-4948-9577-657EE75500FC}.Debug|x64.Build.0 = Debug|x64
		{7EDCB8D0-3FC6-4948-9577-657EE75500FC}.Release|Any CPU.ActiveCfg = Release|Any CPU
		{7EDCB8D0-3FC6-4948-9577-657EE75500FC}.Release|Any CPU.Build.0 = Release|Any CPU
		{7EDCB8D0-3FC6-4948-9577-657EE75500FC}.Release|x64.ActiveCfg = Release|x64
		{7EDCB8D0-3FC6-4948-9577-657EE75500FC}.Release|x64.Build.0 = Release|x64
	EndGlobalSection
	GlobalSection(SolutionProperties) = preSolution
		HideSolutionNode = FALSE
	EndGlobalSection
	GlobalSection(ExtensibilityGlobals) = postSolution
		SolutionGuid = {97757E1E-6A64-4B77-8BCA-9FD3DCC2CFAD}
	EndGlobalSection
EndGlobal
